// !$*UTF8*$!
{
	archiveVersion = 1;
	classes = {
	};
	objectVersion = 52;
	objects = {

/* Begin PBXBuildFile section */
		6625534724567117005BD25E /* marvelNetwork.framework in Frameworks */ = {isa = PBXBuildFile; fileRef = 6625534624567117005BD25E /* marvelNetwork.framework */; };
		6625534824567117005BD25E /* marvelNetwork.framework in Embed Frameworks */ = {isa = PBXBuildFile; fileRef = 6625534624567117005BD25E /* marvelNetwork.framework */; settings = {ATTRIBUTES = (CodeSignOnCopy, RemoveHeadersOnCopy, ); }; };
		6625534B24567159005BD25E /* MarvelDataBase.framework in Frameworks */ = {isa = PBXBuildFile; fileRef = 6625534A24567159005BD25E /* MarvelDataBase.framework */; };
		6625534C24567159005BD25E /* MarvelDataBase.framework in Embed Frameworks */ = {isa = PBXBuildFile; fileRef = 6625534A24567159005BD25E /* MarvelDataBase.framework */; settings = {ATTRIBUTES = (CodeSignOnCopy, RemoveHeadersOnCopy, ); }; };
		66282F48245326F5004AD90C /* FavoritesCollectionViewModel.swift in Sources */ = {isa = PBXBuildFile; fileRef = 66282F47245326F5004AD90C /* FavoritesCollectionViewModel.swift */; };
		66282F4A2454B577004AD90C /* HomeInteractor.swift in Sources */ = {isa = PBXBuildFile; fileRef = 66282F492454B577004AD90C /* HomeInteractor.swift */; };
		6644C565244F740A009B8DD6 /* AppDelegate.swift in Sources */ = {isa = PBXBuildFile; fileRef = 6644C564244F740A009B8DD6 /* AppDelegate.swift */; };
		6644C567244F740A009B8DD6 /* SceneDelegate.swift in Sources */ = {isa = PBXBuildFile; fileRef = 6644C566244F740A009B8DD6 /* SceneDelegate.swift */; };
		6644C56C244F740A009B8DD6 /* Main.storyboard in Resources */ = {isa = PBXBuildFile; fileRef = 6644C56A244F740A009B8DD6 /* Main.storyboard */; };
		6644C56F244F740B009B8DD6 /* MarvelApp.xcdatamodeld in Sources */ = {isa = PBXBuildFile; fileRef = 6644C56D244F740B009B8DD6 /* MarvelApp.xcdatamodeld */; };
		6644C571244F740C009B8DD6 /* Assets.xcassets in Resources */ = {isa = PBXBuildFile; fileRef = 6644C570244F740C009B8DD6 /* Assets.xcassets */; };
		6644C574244F740C009B8DD6 /* LaunchScreen.storyboard in Resources */ = {isa = PBXBuildFile; fileRef = 6644C572244F740C009B8DD6 /* LaunchScreen.storyboard */; };
		6644C57F244F740C009B8DD6 /* MarvelAppTests.swift in Sources */ = {isa = PBXBuildFile; fileRef = 6644C57E244F740C009B8DD6 /* MarvelAppTests.swift */; };
		6644C58A244F8240009B8DD6 /* MainCollectionViewController.swift in Sources */ = {isa = PBXBuildFile; fileRef = 6644C589244F8240009B8DD6 /* MainCollectionViewController.swift */; };
		6644C58C244F8262009B8DD6 /* FavoritesCollectionViewController.swift in Sources */ = {isa = PBXBuildFile; fileRef = 6644C58B244F8262009B8DD6 /* FavoritesCollectionViewController.swift */; };
		6644C594244F84AE009B8DD6 /* Comics_SeriesCollectionViewCell.swift in Sources */ = {isa = PBXBuildFile; fileRef = 6644C592244F84AE009B8DD6 /* Comics_SeriesCollectionViewCell.swift */; };
		6644C595244F84AE009B8DD6 /* Comics_SeriesCollectionViewCell.xib in Resources */ = {isa = PBXBuildFile; fileRef = 6644C593244F84AE009B8DD6 /* Comics_SeriesCollectionViewCell.xib */; };
		6644C59A244F84DC009B8DD6 /* MainCollectionViewCell.swift in Sources */ = {isa = PBXBuildFile; fileRef = 6644C598244F84DC009B8DD6 /* MainCollectionViewCell.swift */; };
		6644C59B244F84DC009B8DD6 /* MainCollectionViewCell.xib in Resources */ = {isa = PBXBuildFile; fileRef = 6644C599244F84DC009B8DD6 /* MainCollectionViewCell.xib */; };
		6645101F2452931B00E50CB6 /* Kingfisher in Frameworks */ = {isa = PBXBuildFile; productRef = 6645101E2452931B00E50CB6 /* Kingfisher */; };
		665329C6245245A8004D04B0 /* (null) in Frameworks */ = {isa = PBXBuildFile; };
		666F4DCC245279B700C11159 /* Heroes.swift in Sources */ = {isa = PBXBuildFile; fileRef = 666F4DCB245279B700C11159 /* Heroes.swift */; };
		666F4DCE24527CD300C11159 /* requestController.swift in Sources */ = {isa = PBXBuildFile; fileRef = 666F4DCD24527CD300C11159 /* requestController.swift */; };
		66BD2DC52451103E00AC39F7 /* MainCollectionViewModel.swift in Sources */ = {isa = PBXBuildFile; fileRef = 66BD2DC42451103E00AC39F7 /* MainCollectionViewModel.swift */; };
		66BD2DC72451104E00AC39F7 /* ComicsCollectionViewModel.swift in Sources */ = {isa = PBXBuildFile; fileRef = 66BD2DC62451104E00AC39F7 /* ComicsCollectionViewModel.swift */; };
		66BD2DC92451127800AC39F7 /* DetailsViewModel.swift in Sources */ = {isa = PBXBuildFile; fileRef = 66BD2DC82451127800AC39F7 /* DetailsViewModel.swift */; };
		66BD2DCB2451132800AC39F7 /* DetailsViewController.swift in Sources */ = {isa = PBXBuildFile; fileRef = 66BD2DCA2451132800AC39F7 /* DetailsViewController.swift */; };
		66BD2DD324511A4B00AC39F7 /* NotificationCenter.framework in Frameworks */ = {isa = PBXBuildFile; fileRef = 66BD2DD224511A4B00AC39F7 /* NotificationCenter.framework */; };
		66BD2DD624511A4B00AC39F7 /* TodayViewController.swift in Sources */ = {isa = PBXBuildFile; fileRef = 66BD2DD524511A4B00AC39F7 /* TodayViewController.swift */; };
		66BD2DD924511A4B00AC39F7 /* MainInterface.storyboard in Resources */ = {isa = PBXBuildFile; fileRef = 66BD2DD724511A4B00AC39F7 /* MainInterface.storyboard */; };
		66BD2DDD24511A4B00AC39F7 /* MarvelTodayExtension.appex in Embed App Extensions */ = {isa = PBXBuildFile; fileRef = 66BD2DD024511A4B00AC39F7 /* MarvelTodayExtension.appex */; settings = {ATTRIBUTES = (RemoveHeadersOnCopy, ); }; };
		66C7735D2455D1BD0072ADE3 /* CGSize+Extensions.swift in Sources */ = {isa = PBXBuildFile; fileRef = 66C7735C2455D1BD0072ADE3 /* CGSize+Extensions.swift */; };
		66C773602455D5BA0072ADE3 /* Constants.swift in Sources */ = {isa = PBXBuildFile; fileRef = 66C7735F2455D5BA0072ADE3 /* Constants.swift */; };
		66C77364245614090072ADE3 /* DetailsInteractor.swift in Sources */ = {isa = PBXBuildFile; fileRef = 66C77363245614090072ADE3 /* DetailsInteractor.swift */; };
		66C77366245627BF0072ADE3 /* Comics.swift in Sources */ = {isa = PBXBuildFile; fileRef = 66C77365245627BF0072ADE3 /* Comics.swift */; };
		66C77368245627C90072ADE3 /* Series.swift in Sources */ = {isa = PBXBuildFile; fileRef = 66C77367245627C90072ADE3 /* Series.swift */; };
/* End PBXBuildFile section */

/* Begin PBXContainerItemProxy section */
		6644C57B244F740C009B8DD6 /* PBXContainerItemProxy */ = {
			isa = PBXContainerItemProxy;
			containerPortal = 6644C559244F740A009B8DD6 /* Project object */;
			proxyType = 1;
			remoteGlobalIDString = 6644C560244F740A009B8DD6;
			remoteInfo = MarvelApp;
		};
		66BD2DDB24511A4B00AC39F7 /* PBXContainerItemProxy */ = {
			isa = PBXContainerItemProxy;
			containerPortal = 6644C559244F740A009B8DD6 /* Project object */;
			proxyType = 1;
			remoteGlobalIDString = 66BD2DCF24511A4B00AC39F7;
			remoteInfo = MarvelTodayExtension;
		};
/* End PBXContainerItemProxy section */

/* Begin PBXCopyFilesBuildPhase section */
		6625534924567117005BD25E /* Embed Frameworks */ = {
			isa = PBXCopyFilesBuildPhase;
			buildActionMask = 2147483647;
			dstPath = "";
			dstSubfolderSpec = 10;
			files = (
				6625534C24567159005BD25E /* MarvelDataBase.framework in Embed Frameworks */,
				6625534824567117005BD25E /* marvelNetwork.framework in Embed Frameworks */,
			);
			name = "Embed Frameworks";
			runOnlyForDeploymentPostprocessing = 0;
		};
		665329C8245245A8004D04B0 /* Embed Frameworks */ = {
			isa = PBXCopyFilesBuildPhase;
			buildActionMask = 2147483647;
			dstPath = "";
			dstSubfolderSpec = 10;
			files = (
			);
			name = "Embed Frameworks";
			runOnlyForDeploymentPostprocessing = 0;
		};
		66BD2DE124511A4B00AC39F7 /* Embed App Extensions */ = {
			isa = PBXCopyFilesBuildPhase;
			buildActionMask = 2147483647;
			dstPath = "";
			dstSubfolderSpec = 13;
			files = (
				66BD2DDD24511A4B00AC39F7 /* MarvelTodayExtension.appex in Embed App Extensions */,
			);
			name = "Embed App Extensions";
			runOnlyForDeploymentPostprocessing = 0;
		};
/* End PBXCopyFilesBuildPhase section */

/* Begin PBXFileReference section */
		6625534624567117005BD25E /* marvelNetwork.framework */ = {isa = PBXFileReference; lastKnownFileType = wrapper.framework; path = marvelNetwork.framework; sourceTree = "<group>"; };
		6625534A24567159005BD25E /* MarvelDataBase.framework */ = {isa = PBXFileReference; lastKnownFileType = wrapper.framework; path = MarvelDataBase.framework; sourceTree = "<group>"; };
		66282F47245326F5004AD90C /* FavoritesCollectionViewModel.swift */ = {isa = PBXFileReference; lastKnownFileType = sourcecode.swift; path = FavoritesCollectionViewModel.swift; sourceTree = "<group>"; };
		66282F492454B577004AD90C /* HomeInteractor.swift */ = {isa = PBXFileReference; lastKnownFileType = sourcecode.swift; path = HomeInteractor.swift; sourceTree = "<group>"; };
		6644C561244F740A009B8DD6 /* MarvelApp.app */ = {isa = PBXFileReference; explicitFileType = wrapper.application; includeInIndex = 0; path = MarvelApp.app; sourceTree = BUILT_PRODUCTS_DIR; };
		6644C564244F740A009B8DD6 /* AppDelegate.swift */ = {isa = PBXFileReference; lastKnownFileType = sourcecode.swift; path = AppDelegate.swift; sourceTree = "<group>"; };
		6644C566244F740A009B8DD6 /* SceneDelegate.swift */ = {isa = PBXFileReference; lastKnownFileType = sourcecode.swift; path = SceneDelegate.swift; sourceTree = "<group>"; };
		6644C56B244F740A009B8DD6 /* Base */ = {isa = PBXFileReference; lastKnownFileType = file.storyboard; name = Base; path = Base.lproj/Main.storyboard; sourceTree = "<group>"; };
		6644C56E244F740B009B8DD6 /* MarvelApp.xcdatamodel */ = {isa = PBXFileReference; lastKnownFileType = wrapper.xcdatamodel; path = MarvelApp.xcdatamodel; sourceTree = "<group>"; };
		6644C570244F740C009B8DD6 /* Assets.xcassets */ = {isa = PBXFileReference; lastKnownFileType = folder.assetcatalog; path = Assets.xcassets; sourceTree = "<group>"; };
		6644C573244F740C009B8DD6 /* Base */ = {isa = PBXFileReference; lastKnownFileType = file.storyboard; name = Base; path = Base.lproj/LaunchScreen.storyboard; sourceTree = "<group>"; };
		6644C575244F740C009B8DD6 /* Info.plist */ = {isa = PBXFileReference; lastKnownFileType = text.plist.xml; path = Info.plist; sourceTree = "<group>"; };
		6644C57A244F740C009B8DD6 /* MarvelAppTests.xctest */ = {isa = PBXFileReference; explicitFileType = wrapper.cfbundle; includeInIndex = 0; path = MarvelAppTests.xctest; sourceTree = BUILT_PRODUCTS_DIR; };
		6644C57E244F740C009B8DD6 /* MarvelAppTests.swift */ = {isa = PBXFileReference; lastKnownFileType = sourcecode.swift; path = MarvelAppTests.swift; sourceTree = "<group>"; };
		6644C580244F740C009B8DD6 /* Info.plist */ = {isa = PBXFileReference; lastKnownFileType = text.plist.xml; path = Info.plist; sourceTree = "<group>"; };
		6644C589244F8240009B8DD6 /* MainCollectionViewController.swift */ = {isa = PBXFileReference; lastKnownFileType = sourcecode.swift; path = MainCollectionViewController.swift; sourceTree = "<group>"; };
		6644C58B244F8262009B8DD6 /* FavoritesCollectionViewController.swift */ = {isa = PBXFileReference; lastKnownFileType = sourcecode.swift; path = FavoritesCollectionViewController.swift; sourceTree = "<group>"; };
		6644C592244F84AE009B8DD6 /* Comics_SeriesCollectionViewCell.swift */ = {isa = PBXFileReference; lastKnownFileType = sourcecode.swift; path = Comics_SeriesCollectionViewCell.swift; sourceTree = "<group>"; };
		6644C593244F84AE009B8DD6 /* Comics_SeriesCollectionViewCell.xib */ = {isa = PBXFileReference; lastKnownFileType = file.xib; path = Comics_SeriesCollectionViewCell.xib; sourceTree = "<group>"; };
		6644C598244F84DC009B8DD6 /* MainCollectionViewCell.swift */ = {isa = PBXFileReference; lastKnownFileType = sourcecode.swift; path = MainCollectionViewCell.swift; sourceTree = "<group>"; };
		6644C599244F84DC009B8DD6 /* MainCollectionViewCell.xib */ = {isa = PBXFileReference; lastKnownFileType = file.xib; path = MainCollectionViewCell.xib; sourceTree = "<group>"; };
		666F4DCB245279B700C11159 /* Heroes.swift */ = {isa = PBXFileReference; lastKnownFileType = sourcecode.swift; path = Heroes.swift; sourceTree = "<group>"; };
		666F4DCD24527CD300C11159 /* requestController.swift */ = {isa = PBXFileReference; lastKnownFileType = sourcecode.swift; path = requestController.swift; sourceTree = "<group>"; };
		66BD2DC42451103E00AC39F7 /* MainCollectionViewModel.swift */ = {isa = PBXFileReference; lastKnownFileType = sourcecode.swift; path = MainCollectionViewModel.swift; sourceTree = "<group>"; };
		66BD2DC62451104E00AC39F7 /* ComicsCollectionViewModel.swift */ = {isa = PBXFileReference; lastKnownFileType = sourcecode.swift; path = ComicsCollectionViewModel.swift; sourceTree = "<group>"; };
		66BD2DC82451127800AC39F7 /* DetailsViewModel.swift */ = {isa = PBXFileReference; lastKnownFileType = sourcecode.swift; path = DetailsViewModel.swift; sourceTree = "<group>"; };
		66BD2DCA2451132800AC39F7 /* DetailsViewController.swift */ = {isa = PBXFileReference; lastKnownFileType = sourcecode.swift; path = DetailsViewController.swift; sourceTree = "<group>"; };
		66BD2DD024511A4B00AC39F7 /* MarvelTodayExtension.appex */ = {isa = PBXFileReference; explicitFileType = "wrapper.app-extension"; includeInIndex = 0; path = MarvelTodayExtension.appex; sourceTree = BUILT_PRODUCTS_DIR; };
		66BD2DD224511A4B00AC39F7 /* NotificationCenter.framework */ = {isa = PBXFileReference; lastKnownFileType = wrapper.framework; name = NotificationCenter.framework; path = System/Library/Frameworks/NotificationCenter.framework; sourceTree = SDKROOT; };
		66BD2DD524511A4B00AC39F7 /* TodayViewController.swift */ = {isa = PBXFileReference; lastKnownFileType = sourcecode.swift; path = TodayViewController.swift; sourceTree = "<group>"; };
		66BD2DD824511A4B00AC39F7 /* Base */ = {isa = PBXFileReference; lastKnownFileType = file.storyboard; name = Base; path = Base.lproj/MainInterface.storyboard; sourceTree = "<group>"; };
		66BD2DDA24511A4B00AC39F7 /* Info.plist */ = {isa = PBXFileReference; lastKnownFileType = text.plist.xml; path = Info.plist; sourceTree = "<group>"; };
		66C7735C2455D1BD0072ADE3 /* CGSize+Extensions.swift */ = {isa = PBXFileReference; lastKnownFileType = sourcecode.swift; path = "CGSize+Extensions.swift"; sourceTree = "<group>"; };
		66C7735F2455D5BA0072ADE3 /* Constants.swift */ = {isa = PBXFileReference; lastKnownFileType = sourcecode.swift; path = Constants.swift; sourceTree = "<group>"; };
		66C77363245614090072ADE3 /* DetailsInteractor.swift */ = {isa = PBXFileReference; lastKnownFileType = sourcecode.swift; path = DetailsInteractor.swift; sourceTree = "<group>"; };
		66C77365245627BF0072ADE3 /* Comics.swift */ = {isa = PBXFileReference; lastKnownFileType = sourcecode.swift; path = Comics.swift; sourceTree = "<group>"; };
		66C77367245627C90072ADE3 /* Series.swift */ = {isa = PBXFileReference; lastKnownFileType = sourcecode.swift; path = Series.swift; sourceTree = "<group>"; };
/* End PBXFileReference section */

/* Begin PBXFrameworksBuildPhase section */
		6644C55E244F740A009B8DD6 /* Frameworks */ = {
			isa = PBXFrameworksBuildPhase;
			buildActionMask = 2147483647;
			files = (
				6645101F2452931B00E50CB6 /* Kingfisher in Frameworks */,
				6625534724567117005BD25E /* marvelNetwork.framework in Frameworks */,
				6625534B24567159005BD25E /* MarvelDataBase.framework in Frameworks */,
			);
			runOnlyForDeploymentPostprocessing = 0;
		};
		6644C577244F740C009B8DD6 /* Frameworks */ = {
			isa = PBXFrameworksBuildPhase;
			buildActionMask = 2147483647;
			files = (
			);
			runOnlyForDeploymentPostprocessing = 0;
		};
		66BD2DCD24511A4B00AC39F7 /* Frameworks */ = {
			isa = PBXFrameworksBuildPhase;
			buildActionMask = 2147483647;
			files = (
				665329C6245245A8004D04B0 /* (null) in Frameworks */,
				66BD2DD324511A4B00AC39F7 /* NotificationCenter.framework in Frameworks */,
			);
			runOnlyForDeploymentPostprocessing = 0;
		};
/* End PBXFrameworksBuildPhase section */

/* Begin PBXGroup section */
		6644C558244F740A009B8DD6 = {
			isa = PBXGroup;
			children = (
				6644C563244F740A009B8DD6 /* MarvelApp */,
				6644C57D244F740C009B8DD6 /* MarvelAppTests */,
				66BD2DD424511A4B00AC39F7 /* MarvelTodayExtension */,
				66BD2DD124511A4B00AC39F7 /* Frameworks */,
				6644C562244F740A009B8DD6 /* Products */,
			);
			sourceTree = "<group>";
		};
		6644C562244F740A009B8DD6 /* Products */ = {
			isa = PBXGroup;
			children = (
				6644C561244F740A009B8DD6 /* MarvelApp.app */,
				6644C57A244F740C009B8DD6 /* MarvelAppTests.xctest */,
				66BD2DD024511A4B00AC39F7 /* MarvelTodayExtension.appex */,
			);
			name = Products;
			sourceTree = "<group>";
		};
		6644C563244F740A009B8DD6 /* MarvelApp */ = {
			isa = PBXGroup;
			children = (
				66C7735E2455D5A60072ADE3 /* Constants */,
				66C7735B2455D1AB0072ADE3 /* Extensions */,
				666F4DC6245262AF00C11159 /* Models */,
				6644C591244F82D9009B8DD6 /* Storyboards */,
				6644C590244F82CE009B8DD6 /* Supporting Files */,
				6644C58F244F82B9009B8DD6 /* Cells */,
				6644C58D244F8284009B8DD6 /* Controllers */,
				6644C564244F740A009B8DD6 /* AppDelegate.swift */,
				6644C566244F740A009B8DD6 /* SceneDelegate.swift */,
				6644C56D244F740B009B8DD6 /* MarvelApp.xcdatamodeld */,
			);
			path = MarvelApp;
			sourceTree = "<group>";
		};
		6644C57D244F740C009B8DD6 /* MarvelAppTests */ = {
			isa = PBXGroup;
			children = (
				6644C57E244F740C009B8DD6 /* MarvelAppTests.swift */,
				6644C580244F740C009B8DD6 /* Info.plist */,
			);
			path = MarvelAppTests;
			sourceTree = "<group>";
		};
		6644C58D244F8284009B8DD6 /* Controllers */ = {
			isa = PBXGroup;
			children = (
				66282F492454B577004AD90C /* HomeInteractor.swift */,
				66BD2DC32451101F00AC39F7 /* ViewModels */,
				6644C58E244F8292009B8DD6 /* CollectionViews */,
				66BD2DCA2451132800AC39F7 /* DetailsViewController.swift */,
				666F4DCD24527CD300C11159 /* requestController.swift */,
				66C77363245614090072ADE3 /* DetailsInteractor.swift */,
			);
			path = Controllers;
			sourceTree = "<group>";
		};
		6644C58E244F8292009B8DD6 /* CollectionViews */ = {
			isa = PBXGroup;
			children = (
				6644C589244F8240009B8DD6 /* MainCollectionViewController.swift */,
				6644C58B244F8262009B8DD6 /* FavoritesCollectionViewController.swift */,
			);
			path = CollectionViews;
			sourceTree = "<group>";
		};
		6644C58F244F82B9009B8DD6 /* Cells */ = {
			isa = PBXGroup;
			children = (
				6644C597244F84CB009B8DD6 /* Main */,
				6644C596244F84B6009B8DD6 /* Comics&Series */,
			);
			path = Cells;
			sourceTree = "<group>";
		};
		6644C590244F82CE009B8DD6 /* Supporting Files */ = {
			isa = PBXGroup;
			children = (
				6644C575244F740C009B8DD6 /* Info.plist */,
				6644C570244F740C009B8DD6 /* Assets.xcassets */,
			);
			path = "Supporting Files";
			sourceTree = "<group>";
		};
		6644C591244F82D9009B8DD6 /* Storyboards */ = {
			isa = PBXGroup;
			children = (
				6644C56A244F740A009B8DD6 /* Main.storyboard */,
				6644C572244F740C009B8DD6 /* LaunchScreen.storyboard */,
			);
			path = Storyboards;
			sourceTree = "<group>";
		};
		6644C596244F84B6009B8DD6 /* Comics&Series */ = {
			isa = PBXGroup;
			children = (
				6644C592244F84AE009B8DD6 /* Comics_SeriesCollectionViewCell.swift */,
				6644C593244F84AE009B8DD6 /* Comics_SeriesCollectionViewCell.xib */,
			);
			path = "Comics&Series";
			sourceTree = "<group>";
		};
		6644C597244F84CB009B8DD6 /* Main */ = {
			isa = PBXGroup;
			children = (
				6644C598244F84DC009B8DD6 /* MainCollectionViewCell.swift */,
				6644C599244F84DC009B8DD6 /* MainCollectionViewCell.xib */,
			);
			path = Main;
			sourceTree = "<group>";
		};
		666F4DC6245262AF00C11159 /* Models */ = {
			isa = PBXGroup;
			children = (
				666F4DCB245279B700C11159 /* Heroes.swift */,
				66C77365245627BF0072ADE3 /* Comics.swift */,
				66C77367245627C90072ADE3 /* Series.swift */,
			);
			path = Models;
			sourceTree = "<group>";
		};
		66BD2DC32451101F00AC39F7 /* ViewModels */ = {
			isa = PBXGroup;
			children = (
				66BD2DC42451103E00AC39F7 /* MainCollectionViewModel.swift */,
				66BD2DC62451104E00AC39F7 /* ComicsCollectionViewModel.swift */,
				66BD2DC82451127800AC39F7 /* DetailsViewModel.swift */,
				66282F47245326F5004AD90C /* FavoritesCollectionViewModel.swift */,
			);
			path = ViewModels;
			sourceTree = "<group>";
		};
		66BD2DD124511A4B00AC39F7 /* Frameworks */ = {
			isa = PBXGroup;
			children = (
				6625534A24567159005BD25E /* MarvelDataBase.framework */,
				6625534624567117005BD25E /* marvelNetwork.framework */,
				66BD2DD224511A4B00AC39F7 /* NotificationCenter.framework */,
			);
			name = Frameworks;
			sourceTree = "<group>";
		};
		66BD2DD424511A4B00AC39F7 /* MarvelTodayExtension */ = {
			isa = PBXGroup;
			children = (
				66BD2DD524511A4B00AC39F7 /* TodayViewController.swift */,
				66BD2DD724511A4B00AC39F7 /* MainInterface.storyboard */,
				66BD2DDA24511A4B00AC39F7 /* Info.plist */,
			);
			path = MarvelTodayExtension;
			sourceTree = "<group>";
		};
		66C7735B2455D1AB0072ADE3 /* Extensions */ = {
			isa = PBXGroup;
			children = (
				66C7735C2455D1BD0072ADE3 /* CGSize+Extensions.swift */,
			);
			path = Extensions;
			sourceTree = "<group>";
		};
		66C7735E2455D5A60072ADE3 /* Constants */ = {
			isa = PBXGroup;
			children = (
				66C7735F2455D5BA0072ADE3 /* Constants.swift */,
			);
			path = Constants;
			sourceTree = "<group>";
		};
/* End PBXGroup section */

/* Begin PBXNativeTarget section */
		6644C560244F740A009B8DD6 /* MarvelApp */ = {
			isa = PBXNativeTarget;
			buildConfigurationList = 6644C583244F740C009B8DD6 /* Build configuration list for PBXNativeTarget "MarvelApp" */;
			buildPhases = (
				6644C55D244F740A009B8DD6 /* Sources */,
				6644C55E244F740A009B8DD6 /* Frameworks */,
				6644C55F244F740A009B8DD6 /* Resources */,
				66BD2DE124511A4B00AC39F7 /* Embed App Extensions */,
				6625534924567117005BD25E /* Embed Frameworks */,
			);
			buildRules = (
			);
			dependencies = (
				66BD2DDC24511A4B00AC39F7 /* PBXTargetDependency */,
			);
			name = MarvelApp;
			packageProductDependencies = (
				6645101E2452931B00E50CB6 /* Kingfisher */,
			);
			productName = MarvelApp;
			productReference = 6644C561244F740A009B8DD6 /* MarvelApp.app */;
			productType = "com.apple.product-type.application";
		};
		6644C579244F740C009B8DD6 /* MarvelAppTests */ = {
			isa = PBXNativeTarget;
			buildConfigurationList = 6644C586244F740C009B8DD6 /* Build configuration list for PBXNativeTarget "MarvelAppTests" */;
			buildPhases = (
				6644C576244F740C009B8DD6 /* Sources */,
				6644C577244F740C009B8DD6 /* Frameworks */,
				6644C578244F740C009B8DD6 /* Resources */,
			);
			buildRules = (
			);
			dependencies = (
				6644C57C244F740C009B8DD6 /* PBXTargetDependency */,
			);
			name = MarvelAppTests;
			productName = MarvelAppTests;
			productReference = 6644C57A244F740C009B8DD6 /* MarvelAppTests.xctest */;
			productType = "com.apple.product-type.bundle.unit-test";
		};
		66BD2DCF24511A4B00AC39F7 /* MarvelTodayExtension */ = {
			isa = PBXNativeTarget;
			buildConfigurationList = 66BD2DDE24511A4B00AC39F7 /* Build configuration list for PBXNativeTarget "MarvelTodayExtension" */;
			buildPhases = (
				66BD2DCC24511A4B00AC39F7 /* Sources */,
				66BD2DCD24511A4B00AC39F7 /* Frameworks */,
				66BD2DCE24511A4B00AC39F7 /* Resources */,
				665329C8245245A8004D04B0 /* Embed Frameworks */,
			);
			buildRules = (
			);
			dependencies = (
			);
			name = MarvelTodayExtension;
			productName = MarvelTodayExtension;
			productReference = 66BD2DD024511A4B00AC39F7 /* MarvelTodayExtension.appex */;
			productType = "com.apple.product-type.app-extension";
		};
/* End PBXNativeTarget section */

/* Begin PBXProject section */
		6644C559244F740A009B8DD6 /* Project object */ = {
			isa = PBXProject;
			attributes = {
				LastSwiftUpdateCheck = 1130;
				LastUpgradeCheck = 1130;
				ORGANIZATIONNAME = "Eduardo Lombardi";
				TargetAttributes = {
					6644C560244F740A009B8DD6 = {
						CreatedOnToolsVersion = 11.3.1;
					};
					6644C579244F740C009B8DD6 = {
						CreatedOnToolsVersion = 11.3.1;
						TestTargetID = 6644C560244F740A009B8DD6;
					};
					66BD2DCF24511A4B00AC39F7 = {
						CreatedOnToolsVersion = 11.3.1;
					};
				};
			};
			buildConfigurationList = 6644C55C244F740A009B8DD6 /* Build configuration list for PBXProject "MarvelApp" */;
			compatibilityVersion = "Xcode 9.3";
			developmentRegion = en;
			hasScannedForEncodings = 0;
			knownRegions = (
				en,
				Base,
			);
			mainGroup = 6644C558244F740A009B8DD6;
			packageReferences = (
				6645101D2452931B00E50CB6 /* XCRemoteSwiftPackageReference "Kingfisher" */,
			);
			productRefGroup = 6644C562244F740A009B8DD6 /* Products */;
			projectDirPath = "";
			projectRoot = "";
			targets = (
				6644C560244F740A009B8DD6 /* MarvelApp */,
				6644C579244F740C009B8DD6 /* MarvelAppTests */,
				66BD2DCF24511A4B00AC39F7 /* MarvelTodayExtension */,
			);
		};
/* End PBXProject section */

/* Begin PBXResourcesBuildPhase section */
		6644C55F244F740A009B8DD6 /* Resources */ = {
			isa = PBXResourcesBuildPhase;
			buildActionMask = 2147483647;
			files = (
				6644C574244F740C009B8DD6 /* LaunchScreen.storyboard in Resources */,
				6644C571244F740C009B8DD6 /* Assets.xcassets in Resources */,
				6644C595244F84AE009B8DD6 /* Comics_SeriesCollectionViewCell.xib in Resources */,
				6644C59B244F84DC009B8DD6 /* MainCollectionViewCell.xib in Resources */,
				6644C56C244F740A009B8DD6 /* Main.storyboard in Resources */,
			);
			runOnlyForDeploymentPostprocessing = 0;
		};
		6644C578244F740C009B8DD6 /* Resources */ = {
			isa = PBXResourcesBuildPhase;
			buildActionMask = 2147483647;
			files = (
			);
			runOnlyForDeploymentPostprocessing = 0;
		};
		66BD2DCE24511A4B00AC39F7 /* Resources */ = {
			isa = PBXResourcesBuildPhase;
			buildActionMask = 2147483647;
			files = (
				66BD2DD924511A4B00AC39F7 /* MainInterface.storyboard in Resources */,
			);
			runOnlyForDeploymentPostprocessing = 0;
		};
/* End PBXResourcesBuildPhase section */

/* Begin PBXSourcesBuildPhase section */
		6644C55D244F740A009B8DD6 /* Sources */ = {
			isa = PBXSourcesBuildPhase;
			buildActionMask = 2147483647;
			files = (
				6644C594244F84AE009B8DD6 /* Comics_SeriesCollectionViewCell.swift in Sources */,
				66C77366245627BF0072ADE3 /* Comics.swift in Sources */,
				66C77364245614090072ADE3 /* DetailsInteractor.swift in Sources */,
				66C773602455D5BA0072ADE3 /* Constants.swift in Sources */,
				6644C58A244F8240009B8DD6 /* MainCollectionViewController.swift in Sources */,
				66C7735D2455D1BD0072ADE3 /* CGSize+Extensions.swift in Sources */,
				6644C59A244F84DC009B8DD6 /* MainCollectionViewCell.swift in Sources */,
				66282F4A2454B577004AD90C /* HomeInteractor.swift in Sources */,
				66BD2DCB2451132800AC39F7 /* DetailsViewController.swift in Sources */,
				66282F48245326F5004AD90C /* FavoritesCollectionViewModel.swift in Sources */,
				6644C58C244F8262009B8DD6 /* FavoritesCollectionViewController.swift in Sources */,
				666F4DCE24527CD300C11159 /* requestController.swift in Sources */,
				6644C565244F740A009B8DD6 /* AppDelegate.swift in Sources */,
				66BD2DC52451103E00AC39F7 /* MainCollectionViewModel.swift in Sources */,
				66C77368245627C90072ADE3 /* Series.swift in Sources */,
				6644C56F244F740B009B8DD6 /* MarvelApp.xcdatamodeld in Sources */,
				66BD2DC92451127800AC39F7 /* DetailsViewModel.swift in Sources */,
				666F4DCC245279B700C11159 /* Heroes.swift in Sources */,
				66BD2DC72451104E00AC39F7 /* ComicsCollectionViewModel.swift in Sources */,
				6644C567244F740A009B8DD6 /* SceneDelegate.swift in Sources */,
			);
			runOnlyForDeploymentPostprocessing = 0;
		};
		6644C576244F740C009B8DD6 /* Sources */ = {
			isa = PBXSourcesBuildPhase;
			buildActionMask = 2147483647;
			files = (
				6644C57F244F740C009B8DD6 /* MarvelAppTests.swift in Sources */,
			);
			runOnlyForDeploymentPostprocessing = 0;
		};
		66BD2DCC24511A4B00AC39F7 /* Sources */ = {
			isa = PBXSourcesBuildPhase;
			buildActionMask = 2147483647;
			files = (
				66BD2DD624511A4B00AC39F7 /* TodayViewController.swift in Sources */,
			);
			runOnlyForDeploymentPostprocessing = 0;
		};
/* End PBXSourcesBuildPhase section */

/* Begin PBXTargetDependency section */
		6644C57C244F740C009B8DD6 /* PBXTargetDependency */ = {
			isa = PBXTargetDependency;
			target = 6644C560244F740A009B8DD6 /* MarvelApp */;
			targetProxy = 6644C57B244F740C009B8DD6 /* PBXContainerItemProxy */;
		};
		66BD2DDC24511A4B00AC39F7 /* PBXTargetDependency */ = {
			isa = PBXTargetDependency;
			target = 66BD2DCF24511A4B00AC39F7 /* MarvelTodayExtension */;
			targetProxy = 66BD2DDB24511A4B00AC39F7 /* PBXContainerItemProxy */;
		};
/* End PBXTargetDependency section */

/* Begin PBXVariantGroup section */
		6644C56A244F740A009B8DD6 /* Main.storyboard */ = {
			isa = PBXVariantGroup;
			children = (
				6644C56B244F740A009B8DD6 /* Base */,
			);
			name = Main.storyboard;
			sourceTree = "<group>";
		};
		6644C572244F740C009B8DD6 /* LaunchScreen.storyboard */ = {
			isa = PBXVariantGroup;
			children = (
				6644C573244F740C009B8DD6 /* Base */,
			);
			name = LaunchScreen.storyboard;
			sourceTree = "<group>";
		};
		66BD2DD724511A4B00AC39F7 /* MainInterface.storyboard */ = {
			isa = PBXVariantGroup;
			children = (
				66BD2DD824511A4B00AC39F7 /* Base */,
			);
			name = MainInterface.storyboard;
			sourceTree = "<group>";
		};
/* End PBXVariantGroup section */

/* Begin XCBuildConfiguration section */
		6644C581244F740C009B8DD6 /* Debug */ = {
			isa = XCBuildConfiguration;
			buildSettings = {
				ALWAYS_SEARCH_USER_PATHS = NO;
				CLANG_ANALYZER_NONNULL = YES;
				CLANG_ANALYZER_NUMBER_OBJECT_CONVERSION = YES_AGGRESSIVE;
				CLANG_CXX_LANGUAGE_STANDARD = "gnu++14";
				CLANG_CXX_LIBRARY = "libc++";
				CLANG_ENABLE_MODULES = YES;
				CLANG_ENABLE_OBJC_ARC = YES;
				CLANG_ENABLE_OBJC_WEAK = YES;
				CLANG_WARN_BLOCK_CAPTURE_AUTORELEASING = YES;
				CLANG_WARN_BOOL_CONVERSION = YES;
				CLANG_WARN_COMMA = YES;
				CLANG_WARN_CONSTANT_CONVERSION = YES;
				CLANG_WARN_DEPRECATED_OBJC_IMPLEMENTATIONS = YES;
				CLANG_WARN_DIRECT_OBJC_ISA_USAGE = YES_ERROR;
				CLANG_WARN_DOCUMENTATION_COMMENTS = YES;
				CLANG_WARN_EMPTY_BODY = YES;
				CLANG_WARN_ENUM_CONVERSION = YES;
				CLANG_WARN_INFINITE_RECURSION = YES;
				CLANG_WARN_INT_CONVERSION = YES;
				CLANG_WARN_NON_LITERAL_NULL_CONVERSION = YES;
				CLANG_WARN_OBJC_IMPLICIT_RETAIN_SELF = YES;
				CLANG_WARN_OBJC_LITERAL_CONVERSION = YES;
				CLANG_WARN_OBJC_ROOT_CLASS = YES_ERROR;
				CLANG_WARN_RANGE_LOOP_ANALYSIS = YES;
				CLANG_WARN_STRICT_PROTOTYPES = YES;
				CLANG_WARN_SUSPICIOUS_MOVE = YES;
				CLANG_WARN_UNGUARDED_AVAILABILITY = YES_AGGRESSIVE;
				CLANG_WARN_UNREACHABLE_CODE = YES;
				CLANG_WARN__DUPLICATE_METHOD_MATCH = YES;
				COPY_PHASE_STRIP = NO;
				DEBUG_INFORMATION_FORMAT = dwarf;
				ENABLE_STRICT_OBJC_MSGSEND = YES;
				ENABLE_TESTABILITY = YES;
				GCC_C_LANGUAGE_STANDARD = gnu11;
				GCC_DYNAMIC_NO_PIC = NO;
				GCC_NO_COMMON_BLOCKS = YES;
				GCC_OPTIMIZATION_LEVEL = 0;
				GCC_PREPROCESSOR_DEFINITIONS = (
					"DEBUG=1",
					"$(inherited)",
				);
				GCC_WARN_64_TO_32_BIT_CONVERSION = YES;
				GCC_WARN_ABOUT_RETURN_TYPE = YES_ERROR;
				GCC_WARN_UNDECLARED_SELECTOR = YES;
				GCC_WARN_UNINITIALIZED_AUTOS = YES_AGGRESSIVE;
				GCC_WARN_UNUSED_FUNCTION = YES;
				GCC_WARN_UNUSED_VARIABLE = YES;
				IPHONEOS_DEPLOYMENT_TARGET = 13.2;
				MTL_ENABLE_DEBUG_INFO = INCLUDE_SOURCE;
				MTL_FAST_MATH = YES;
				ONLY_ACTIVE_ARCH = YES;
				SDKROOT = iphoneos;
				SWIFT_ACTIVE_COMPILATION_CONDITIONS = DEBUG;
				SWIFT_OPTIMIZATION_LEVEL = "-Onone";
			};
			name = Debug;
		};
		6644C582244F740C009B8DD6 /* Release */ = {
			isa = XCBuildConfiguration;
			buildSettings = {
				ALWAYS_SEARCH_USER_PATHS = NO;
				CLANG_ANALYZER_NONNULL = YES;
				CLANG_ANALYZER_NUMBER_OBJECT_CONVERSION = YES_AGGRESSIVE;
				CLANG_CXX_LANGUAGE_STANDARD = "gnu++14";
				CLANG_CXX_LIBRARY = "libc++";
				CLANG_ENABLE_MODULES = YES;
				CLANG_ENABLE_OBJC_ARC = YES;
				CLANG_ENABLE_OBJC_WEAK = YES;
				CLANG_WARN_BLOCK_CAPTURE_AUTORELEASING = YES;
				CLANG_WARN_BOOL_CONVERSION = YES;
				CLANG_WARN_COMMA = YES;
				CLANG_WARN_CONSTANT_CONVERSION = YES;
				CLANG_WARN_DEPRECATED_OBJC_IMPLEMENTATIONS = YES;
				CLANG_WARN_DIRECT_OBJC_ISA_USAGE = YES_ERROR;
				CLANG_WARN_DOCUMENTATION_COMMENTS = YES;
				CLANG_WARN_EMPTY_BODY = YES;
				CLANG_WARN_ENUM_CONVERSION = YES;
				CLANG_WARN_INFINITE_RECURSION = YES;
				CLANG_WARN_INT_CONVERSION = YES;
				CLANG_WARN_NON_LITERAL_NULL_CONVERSION = YES;
				CLANG_WARN_OBJC_IMPLICIT_RETAIN_SELF = YES;
				CLANG_WARN_OBJC_LITERAL_CONVERSION = YES;
				CLANG_WARN_OBJC_ROOT_CLASS = YES_ERROR;
				CLANG_WARN_RANGE_LOOP_ANALYSIS = YES;
				CLANG_WARN_STRICT_PROTOTYPES = YES;
				CLANG_WARN_SUSPICIOUS_MOVE = YES;
				CLANG_WARN_UNGUARDED_AVAILABILITY = YES_AGGRESSIVE;
				CLANG_WARN_UNREACHABLE_CODE = YES;
				CLANG_WARN__DUPLICATE_METHOD_MATCH = YES;
				COPY_PHASE_STRIP = NO;
				DEBUG_INFORMATION_FORMAT = "dwarf-with-dsym";
				ENABLE_NS_ASSERTIONS = NO;
				ENABLE_STRICT_OBJC_MSGSEND = YES;
				GCC_C_LANGUAGE_STANDARD = gnu11;
				GCC_NO_COMMON_BLOCKS = YES;
				GCC_WARN_64_TO_32_BIT_CONVERSION = YES;
				GCC_WARN_ABOUT_RETURN_TYPE = YES_ERROR;
				GCC_WARN_UNDECLARED_SELECTOR = YES;
				GCC_WARN_UNINITIALIZED_AUTOS = YES_AGGRESSIVE;
				GCC_WARN_UNUSED_FUNCTION = YES;
				GCC_WARN_UNUSED_VARIABLE = YES;
				IPHONEOS_DEPLOYMENT_TARGET = 13.2;
				MTL_ENABLE_DEBUG_INFO = NO;
				MTL_FAST_MATH = YES;
				SDKROOT = iphoneos;
				SWIFT_COMPILATION_MODE = wholemodule;
				SWIFT_OPTIMIZATION_LEVEL = "-O";
				VALIDATE_PRODUCT = YES;
			};
			name = Release;
		};
		6644C584244F740C009B8DD6 /* Debug */ = {
			isa = XCBuildConfiguration;
			buildSettings = {
				ALWAYS_EMBED_SWIFT_STANDARD_LIBRARIES = YES;
				ASSETCATALOG_COMPILER_APPICON_NAME = AppIcon;
				CODE_SIGN_STYLE = Automatic;
				DEVELOPMENT_TEAM = QZE9PCCX24;
				FRAMEWORK_SEARCH_PATHS = (
					"$(inherited)",
					"$(PROJECT_DIR)",
				);
				INFOPLIST_FILE = "MarvelApp/Supporting Files/Info.plist";
				LD_RUNPATH_SEARCH_PATHS = (
					"$(inherited)",
					"@executable_path/Frameworks",
				);
				PRODUCT_BUNDLE_IDENTIFIER = com.eduardolomb.MarvelApp;
				PRODUCT_NAME = "$(TARGET_NAME)";
				SWIFT_VERSION = 5.0;
				TARGETED_DEVICE_FAMILY = "1,2";
			};
			name = Debug;
		};
		6644C585244F740C009B8DD6 /* Release */ = {
			isa = XCBuildConfiguration;
			buildSettings = {
				ALWAYS_EMBED_SWIFT_STANDARD_LIBRARIES = YES;
				ASSETCATALOG_COMPILER_APPICON_NAME = AppIcon;
				CODE_SIGN_STYLE = Automatic;
				DEVELOPMENT_TEAM = QZE9PCCX24;
				FRAMEWORK_SEARCH_PATHS = (
					"$(inherited)",
					"$(PROJECT_DIR)",
				);
				INFOPLIST_FILE = "MarvelApp/Supporting Files/Info.plist";
				LD_RUNPATH_SEARCH_PATHS = (
					"$(inherited)",
					"@executable_path/Frameworks",
				);
				PRODUCT_BUNDLE_IDENTIFIER = com.eduardolomb.MarvelApp;
				PRODUCT_NAME = "$(TARGET_NAME)";
				SWIFT_VERSION = 5.0;
				TARGETED_DEVICE_FAMILY = "1,2";
			};
			name = Release;
		};
		6644C587244F740C009B8DD6 /* Debug */ = {
			isa = XCBuildConfiguration;
			buildSettings = {
				ALWAYS_EMBED_SWIFT_STANDARD_LIBRARIES = YES;
				BUNDLE_LOADER = "$(TEST_HOST)";
				CODE_SIGN_STYLE = Automatic;
				DEVELOPMENT_TEAM = QZE9PCCX24;
				INFOPLIST_FILE = MarvelAppTests/Info.plist;
				IPHONEOS_DEPLOYMENT_TARGET = 13.2;
				LD_RUNPATH_SEARCH_PATHS = (
					"$(inherited)",
					"@executable_path/Frameworks",
					"@loader_path/Frameworks",
				);
				PRODUCT_BUNDLE_IDENTIFIER = com.eduardolomb.MarvelAppTests;
				PRODUCT_NAME = "$(TARGET_NAME)";
				SWIFT_VERSION = 5.0;
				TARGETED_DEVICE_FAMILY = "1,2";
				TEST_HOST = "$(BUILT_PRODUCTS_DIR)/MarvelApp.app/MarvelApp";
			};
			name = Debug;
		};
		6644C588244F740C009B8DD6 /* Release */ = {
			isa = XCBuildConfiguration;
			buildSettings = {
				ALWAYS_EMBED_SWIFT_STANDARD_LIBRARIES = YES;
				BUNDLE_LOADER = "$(TEST_HOST)";
				CODE_SIGN_STYLE = Automatic;
				DEVELOPMENT_TEAM = QZE9PCCX24;
				INFOPLIST_FILE = MarvelAppTests/Info.plist;
				IPHONEOS_DEPLOYMENT_TARGET = 13.2;
				LD_RUNPATH_SEARCH_PATHS = (
					"$(inherited)",
					"@executable_path/Frameworks",
					"@loader_path/Frameworks",
				);
				PRODUCT_BUNDLE_IDENTIFIER = com.eduardolomb.MarvelAppTests;
				PRODUCT_NAME = "$(TARGET_NAME)";
				SWIFT_VERSION = 5.0;
				TARGETED_DEVICE_FAMILY = "1,2";
				TEST_HOST = "$(BUILT_PRODUCTS_DIR)/MarvelApp.app/MarvelApp";
			};
			name = Release;
		};
		66BD2DDF24511A4B00AC39F7 /* Debug */ = {
			isa = XCBuildConfiguration;
			buildSettings = {
				CODE_SIGN_STYLE = Automatic;
				DEVELOPMENT_TEAM = QZE9PCCX24;
				FRAMEWORK_SEARCH_PATHS = (
					"$(inherited)",
					"$(PROJECT_DIR)",
				);
				INFOPLIST_FILE = MarvelTodayExtension/Info.plist;
				LD_RUNPATH_SEARCH_PATHS = (
					"$(inherited)",
					"@executable_path/Frameworks",
					"@executable_path/../../Frameworks",
				);
				PRODUCT_BUNDLE_IDENTIFIER = com.eduardolomb.MarvelApp.MarvelTodayExtension;
				PRODUCT_NAME = "$(TARGET_NAME)";
				SKIP_INSTALL = YES;
				SWIFT_VERSION = 5.0;
				TARGETED_DEVICE_FAMILY = "1,2";
			};
			name = Debug;
		};
		66BD2DE024511A4B00AC39F7 /* Release */ = {
			isa = XCBuildConfiguration;
			buildSettings = {
				CODE_SIGN_STYLE = Automatic;
				DEVELOPMENT_TEAM = QZE9PCCX24;
				FRAMEWORK_SEARCH_PATHS = (
					"$(inherited)",
					"$(PROJECT_DIR)",
				);
				INFOPLIST_FILE = MarvelTodayExtension/Info.plist;
				LD_RUNPATH_SEARCH_PATHS = (
					"$(inherited)",
					"@executable_path/Frameworks",
					"@executable_path/../../Frameworks",
				);
				PRODUCT_BUNDLE_IDENTIFIER = com.eduardolomb.MarvelApp.MarvelTodayExtension;
				PRODUCT_NAME = "$(TARGET_NAME)";
				SKIP_INSTALL = YES;
				SWIFT_VERSION = 5.0;
				TARGETED_DEVICE_FAMILY = "1,2";
			};
			name = Release;
		};
/* End XCBuildConfiguration section */

/* Begin XCConfigurationList section */
		6644C55C244F740A009B8DD6 /* Build configuration list for PBXProject "MarvelApp" */ = {
			isa = XCConfigurationList;
			buildConfigurations = (
				6644C581244F740C009B8DD6 /* Debug */,
				6644C582244F740C009B8DD6 /* Release */,
			);
			defaultConfigurationIsVisible = 0;
			defaultConfigurationName = Release;
		};
		6644C583244F740C009B8DD6 /* Build configuration list for PBXNativeTarget "MarvelApp" */ = {
			isa = XCConfigurationList;
			buildConfigurations = (
				6644C584244F740C009B8DD6 /* Debug */,
				6644C585244F740C009B8DD6 /* Release */,
			);
			defaultConfigurationIsVisible = 0;
			defaultConfigurationName = Release;
		};
		6644C586244F740C009B8DD6 /* Build configuration list for PBXNativeTarget "MarvelAppTests" */ = {
			isa = XCConfigurationList;
			buildConfigurations = (
				6644C587244F740C009B8DD6 /* Debug */,
				6644C588244F740C009B8DD6 /* Release */,
			);
			defaultConfigurationIsVisible = 0;
			defaultConfigurationName = Release;
		};
		66BD2DDE24511A4B00AC39F7 /* Build configuration list for PBXNativeTarget "MarvelTodayExtension" */ = {
			isa = XCConfigurationList;
			buildConfigurations = (
				66BD2DDF24511A4B00AC39F7 /* Debug */,
				66BD2DE024511A4B00AC39F7 /* Release */,
			);
			defaultConfigurationIsVisible = 0;
			defaultConfigurationName = Release;
		};
/* End XCConfigurationList section */

/* Begin XCRemoteSwiftPackageReference section */
		6645101D2452931B00E50CB6 /* XCRemoteSwiftPackageReference "Kingfisher" */ = {
			isa = XCRemoteSwiftPackageReference;
			repositoryURL = "https://github.com/onevcat/Kingfisher.git";
			requirement = {
				kind = upToNextMajorVersion;
				minimumVersion = 5.8.0;
			};
		};
/* End XCRemoteSwiftPackageReference section */

/* Begin XCSwiftPackageProductDependency section */
		6645101E2452931B00E50CB6 /* Kingfisher */ = {
			isa = XCSwiftPackageProductDependency;
			package = 6645101D2452931B00E50CB6 /* XCRemoteSwiftPackageReference "Kingfisher" */;
			productName = Kingfisher;
		};
/* End XCSwiftPackageProductDependency section */

/* Begin XCVersionGroup section */
		6644C56D244F740B009B8DD6 /* MarvelApp.xcdatamodeld */ = {
			isa = XCVersionGroup;
			children = (
				6644C56E244F740B009B8DD6 /* MarvelApp.xcdatamodel */,
			);
			currentVersion = 6644C56E244F740B009B8DD6 /* MarvelApp.xcdatamodel */;
			path = MarvelApp.xcdatamodeld;
			sourceTree = "<group>";
			versionGroupType = wrapper.xcdatamodel;
		};
/* End XCVersionGroup section */
	};
	rootObject = 6644C559244F740A009B8DD6 /* Project object */;
}
